// !$*UTF8*$!
{
	archiveVersion = 1;
	classes = {
	};
	objectVersion = 46;
	objects = {

/* Begin PBXBuildFile section */
		CB231BF01BDDD8B400EC18BF /* video.png in Resources */ = {isa = PBXBuildFile; fileRef = CB231BEF1BDDD8B400EC18BF /* video.png */; };
		CB6569211C561B8B00AC2EC8 /* pvlogo.png in Resources */ = {isa = PBXBuildFile; fileRef = CB6569201C561B8B00AC2EC8 /* pvlogo.png */; };
		CB79F81C196E7E0700A1B817 /* MediaPlayer.framework in Frameworks */ = {isa = PBXBuildFile; fileRef = CB79F81B196E7E0700A1B817 /* MediaPlayer.framework */; };
		CB8E99D31B81CA4D00CDD71A /* libsqlite3.0.dylib in Frameworks */ = {isa = PBXBuildFile; fileRef = CB8E99D21B81CA4D00CDD71A /* libsqlite3.0.dylib */; };
		CBA3711C196E6549008E95ED /* Foundation.framework in Frameworks */ = {isa = PBXBuildFile; fileRef = CBA3711B196E6549008E95ED /* Foundation.framework */; };
		CBA3711E196E6549008E95ED /* CoreGraphics.framework in Frameworks */ = {isa = PBXBuildFile; fileRef = CBA3711D196E6549008E95ED /* CoreGraphics.framework */; };
		CBA37120196E6549008E95ED /* UIKit.framework in Frameworks */ = {isa = PBXBuildFile; fileRef = CBA3711F196E6549008E95ED /* UIKit.framework */; };
		CBA37126196E6549008E95ED /* InfoPlist.strings in Resources */ = {isa = PBXBuildFile; fileRef = CBA37124196E6549008E95ED /* InfoPlist.strings */; };
		CBA37128196E6549008E95ED /* main.m in Sources */ = {isa = PBXBuildFile; fileRef = CBA37127196E6549008E95ED /* main.m */; };
		CBA37134196E6549008E95ED /* Images.xcassets in Resources */ = {isa = PBXBuildFile; fileRef = CBA37133196E6549008E95ED /* Images.xcassets */; };
		CBA3713B196E6549008E95ED /* XCTest.framework in Frameworks */ = {isa = PBXBuildFile; fileRef = CBA3713A196E6549008E95ED /* XCTest.framework */; };
		CBA3713C196E6549008E95ED /* Foundation.framework in Frameworks */ = {isa = PBXBuildFile; fileRef = CBA3711B196E6549008E95ED /* Foundation.framework */; };
		CBA3713D196E6549008E95ED /* UIKit.framework in Frameworks */ = {isa = PBXBuildFile; fileRef = CBA3711F196E6549008E95ED /* UIKit.framework */; };
		CBA37145196E6549008E95ED /* InfoPlist.strings in Resources */ = {isa = PBXBuildFile; fileRef = CBA37143196E6549008E95ED /* InfoPlist.strings */; };
		CBA37147196E6549008E95ED /* polyvSDKTests.m in Sources */ = {isa = PBXBuildFile; fileRef = CBA37146196E6549008E95ED /* polyvSDKTests.m */; };
		CBC2333B1AEA326100B0228E /* libz.dylib in Frameworks */ = {isa = PBXBuildFile; fileRef = CBC2333A1AEA326100B0228E /* libz.dylib */; };
		CBF35D341B32B1E100E97C45 /* video-play.png in Resources */ = {isa = PBXBuildFile; fileRef = CBF35D331B32B1E100E97C45 /* video-play.png */; };
		E51C09881E5BE88F006FE206 /* AlicloudUtils.framework in Frameworks */ = {isa = PBXBuildFile; fileRef = E51C09851E5BE88F006FE206 /* AlicloudUtils.framework */; };
		E51C09891E5BE88F006FE206 /* UTDID.framework in Frameworks */ = {isa = PBXBuildFile; fileRef = E51C09861E5BE88F006FE206 /* UTDID.framework */; };
		E51C098A1E5BE93B006FE206 /* AlicloudHttpDNS.framework in Frameworks */ = {isa = PBXBuildFile; fileRef = E51C09841E5BE88F006FE206 /* AlicloudHttpDNS.framework */; };
		E568FD0A1EF0F9C900803517 /* PvCheckBox.m in Sources */ = {isa = PBXBuildFile; fileRef = E568FD091EF0F9C900803517 /* PvCheckBox.m */; };
		E568FD0D1EF0F9D500803517 /* PvExamView.m in Sources */ = {isa = PBXBuildFile; fileRef = E568FD0C1EF0F9D500803517 /* PvExamView.m */; };
		E568FD101EF0F9DC00803517 /* PvRadioButton.m in Sources */ = {isa = PBXBuildFile; fileRef = E568FD0F1EF0F9DC00803517 /* PvRadioButton.m */; };
		E59536551E8FA6C000A8B405 /* UINavigationController+Orientation.m in Sources */ = {isa = PBXBuildFile; fileRef = E595364F1E8FA6C000A8B405 /* UINavigationController+Orientation.m */; };
		E59536561E8FA6C000A8B405 /* UITabBarController+Orientation.m in Sources */ = {isa = PBXBuildFile; fileRef = E59536511E8FA6C000A8B405 /* UITabBarController+Orientation.m */; };
		E59536571E8FA6C000A8B405 /* Video.m in Sources */ = {isa = PBXBuildFile; fileRef = E59536541E8FA6C000A8B405 /* Video.m */; };
		E5C7812A1EADA90300B58134 /* Launch Screen.storyboard in Resources */ = {isa = PBXBuildFile; fileRef = E5C781291EADA90300B58134 /* Launch Screen.storyboard */; };
		E5CBFECD1E5A85F500C20418 /* SystemConfiguration.framework in Frameworks */ = {isa = PBXBuildFile; fileRef = E5CBFECC1E5A85F500C20418 /* SystemConfiguration.framework */; };
		E5CBFECF1E5A860300C20418 /* CoreTelephony.framework in Frameworks */ = {isa = PBXBuildFile; fileRef = E5CBFECE1E5A860300C20418 /* CoreTelephony.framework */; };
		E5CBFED11E5A860D00C20418 /* libresolv.tbd in Frameworks */ = {isa = PBXBuildFile; fileRef = E5CBFED01E5A860D00C20418 /* libresolv.tbd */; };
		E5D211221CD8B72800F848CA /* checkbox_checked.png in Resources */ = {isa = PBXBuildFile; fileRef = E5D211061CD8B72800F848CA /* checkbox_checked.png */; };
		E5D211231CD8B72800F848CA /* checkbox_checked@2x.png in Resources */ = {isa = PBXBuildFile; fileRef = E5D211071CD8B72800F848CA /* checkbox_checked@2x.png */; };
		E5D211241CD8B72800F848CA /* checkbox_unchecked.png in Resources */ = {isa = PBXBuildFile; fileRef = E5D211081CD8B72800F848CA /* checkbox_unchecked.png */; };
		E5D211251CD8B72800F848CA /* checkbox_unchecked@2x.png in Resources */ = {isa = PBXBuildFile; fileRef = E5D211091CD8B72800F848CA /* checkbox_unchecked@2x.png */; };
		E5D211261CD8B72800F848CA /* pl-video-player-back@2x.png in Resources */ = {isa = PBXBuildFile; fileRef = E5D2110A1CD8B72800F848CA /* pl-video-player-back@2x.png */; };
		E5D211271CD8B72800F848CA /* pl-video-player-back@3x.png in Resources */ = {isa = PBXBuildFile; fileRef = E5D2110B1CD8B72800F848CA /* pl-video-player-back@3x.png */; };
		E5D211281CD8B72800F848CA /* pl-video-player-backward@2x.png in Resources */ = {isa = PBXBuildFile; fileRef = E5D2110C1CD8B72800F848CA /* pl-video-player-backward@2x.png */; };
		E5D211291CD8B72800F848CA /* pl-video-player-backward@3x.png in Resources */ = {isa = PBXBuildFile; fileRef = E5D2110D1CD8B72800F848CA /* pl-video-player-backward@3x.png */; };
		E5D2112A1CD8B72800F848CA /* pl-video-player-close@2x.png in Resources */ = {isa = PBXBuildFile; fileRef = E5D2110E1CD8B72800F848CA /* pl-video-player-close@2x.png */; };
		E5D2112B1CD8B72800F848CA /* pl-video-player-close@3x.png in Resources */ = {isa = PBXBuildFile; fileRef = E5D2110F1CD8B72800F848CA /* pl-video-player-close@3x.png */; };
		E5D2112C1CD8B72800F848CA /* pl-video-player-danmu.png in Resources */ = {isa = PBXBuildFile; fileRef = E5D211101CD8B72800F848CA /* pl-video-player-danmu.png */; };
		E5D2112D1CD8B72800F848CA /* pl-video-player-forward@2x.png in Resources */ = {isa = PBXBuildFile; fileRef = E5D211111CD8B72800F848CA /* pl-video-player-forward@2x.png */; };
		E5D2112E1CD8B72800F848CA /* pl-video-player-forward@3x.png in Resources */ = {isa = PBXBuildFile; fileRef = E5D211121CD8B72800F848CA /* pl-video-player-forward@3x.png */; };
		E5D2112F1CD8B72800F848CA /* pl-video-player-fullscreen@2x.png in Resources */ = {isa = PBXBuildFile; fileRef = E5D211131CD8B72800F848CA /* pl-video-player-fullscreen@2x.png */; };
		E5D211301CD8B72800F848CA /* pl-video-player-fullscreen@3x.png in Resources */ = {isa = PBXBuildFile; fileRef = E5D211141CD8B72800F848CA /* pl-video-player-fullscreen@3x.png */; };
		E5D211311CD8B72800F848CA /* pl-video-player-pause@2x.png in Resources */ = {isa = PBXBuildFile; fileRef = E5D211151CD8B72800F848CA /* pl-video-player-pause@2x.png */; };
		E5D211321CD8B72800F848CA /* pl-video-player-pause@3x.png in Resources */ = {isa = PBXBuildFile; fileRef = E5D211161CD8B72800F848CA /* pl-video-player-pause@3x.png */; };
		E5D211331CD8B72800F848CA /* pl-video-player-play@2x.png in Resources */ = {isa = PBXBuildFile; fileRef = E5D211171CD8B72800F848CA /* pl-video-player-play@2x.png */; };
		E5D211341CD8B72800F848CA /* pl-video-player-play@3x.png in Resources */ = {isa = PBXBuildFile; fileRef = E5D211181CD8B72800F848CA /* pl-video-player-play@3x.png */; };
		E5D211351CD8B72800F848CA /* pl-video-player-point@2x.png in Resources */ = {isa = PBXBuildFile; fileRef = E5D211191CD8B72800F848CA /* pl-video-player-point@2x.png */; };
		E5D211361CD8B72800F848CA /* pl-video-player-point@3x.png in Resources */ = {isa = PBXBuildFile; fileRef = E5D2111A1CD8B72800F848CA /* pl-video-player-point@3x.png */; };
		E5D211371CD8B72800F848CA /* pl-video-player-shrinkscreen@2x.png in Resources */ = {isa = PBXBuildFile; fileRef = E5D2111B1CD8B72800F848CA /* pl-video-player-shrinkscreen@2x.png */; };
		E5D211381CD8B72800F848CA /* pl-video-player-shrinkscreen@3x.png in Resources */ = {isa = PBXBuildFile; fileRef = E5D2111C1CD8B72800F848CA /* pl-video-player-shrinkscreen@3x.png */; };
		E5D211391CD8B72800F848CA /* pl-video-player-snapshot.png in Resources */ = {isa = PBXBuildFile; fileRef = E5D2111D1CD8B72800F848CA /* pl-video-player-snapshot.png */; };
		E5D2113A1CD8B72800F848CA /* radio_checked.png in Resources */ = {isa = PBXBuildFile; fileRef = E5D2111E1CD8B72800F848CA /* radio_checked.png */; };
		E5D2113B1CD8B72800F848CA /* radio_checked@2x.png in Resources */ = {isa = PBXBuildFile; fileRef = E5D2111F1CD8B72800F848CA /* radio_checked@2x.png */; };
		E5D2113C1CD8B72800F848CA /* radio_unchecked.png in Resources */ = {isa = PBXBuildFile; fileRef = E5D211201CD8B72800F848CA /* radio_unchecked.png */; };
		E5D2113D1CD8B72800F848CA /* radio_unchecked@2x.png in Resources */ = {isa = PBXBuildFile; fileRef = E5D211211CD8B72800F848CA /* radio_unchecked@2x.png */; };
		E5D4D8CE1E48097F004308F0 /* DownloadListTableViewController.m in Sources */ = {isa = PBXBuildFile; fileRef = E5D4D8811E48097F004308F0 /* DownloadListTableViewController.m */; };
		E5D4D8D11E48097F004308F0 /* FMDatabase.m in Sources */ = {isa = PBXBuildFile; fileRef = E5D4D89D1E48097F004308F0 /* FMDatabase.m */; };
		E5D4D8D21E48097F004308F0 /* FMDatabaseAdditions.m in Sources */ = {isa = PBXBuildFile; fileRef = E5D4D89F1E48097F004308F0 /* FMDatabaseAdditions.m */; };
		E5D4D8D31E48097F004308F0 /* FMDatabasePool.m in Sources */ = {isa = PBXBuildFile; fileRef = E5D4D8A11E48097F004308F0 /* FMDatabasePool.m */; };
		E5D4D8D41E48097F004308F0 /* FMDatabaseQueue.m in Sources */ = {isa = PBXBuildFile; fileRef = E5D4D8A31E48097F004308F0 /* FMDatabaseQueue.m */; };
		E5D4D8D51E48097F004308F0 /* FMResultSet.m in Sources */ = {isa = PBXBuildFile; fileRef = E5D4D8A61E48097F004308F0 /* FMResultSet.m */; };
		E5D4D8D61E48097F004308F0 /* FMDBHelper.m in Sources */ = {isa = PBXBuildFile; fileRef = E5D4D8A81E48097F004308F0 /* FMDBHelper.m */; };
		E5D4D8D71E48097F004308F0 /* PLVIndicator.m in Sources */ = {isa = PBXBuildFile; fileRef = E5D4D8AB1E48097F004308F0 /* PLVIndicator.m */; };
		E5D4D8D81E48097F004308F0 /* PLVSlider.m in Sources */ = {isa = PBXBuildFile; fileRef = E5D4D8AD1E48097F004308F0 /* PLVSlider.m */; };
		E5D4D8D91E48097F004308F0 /* SubTitleLabel.m in Sources */ = {isa = PBXBuildFile; fileRef = E5D4D8AF1E48097F004308F0 /* SubTitleLabel.m */; };
		E5D4D8DA1E48097F004308F0 /* AppDelegate.m in Sources */ = {isa = PBXBuildFile; fileRef = E5D4D8B21E48097F004308F0 /* AppDelegate.m */; };
		E5D4D8DB1E48097F004308F0 /* Main.storyboard in Resources */ = {isa = PBXBuildFile; fileRef = E5D4D8B31E48097F004308F0 /* Main.storyboard */; };
		E5D4D8DC1E48097F004308F0 /* RootViewViewController.m in Sources */ = {isa = PBXBuildFile; fileRef = E5D4D8B61E48097F004308F0 /* RootViewViewController.m */; };
		E5D4D8E01E48097F004308F0 /* SkinVideoViewController.m in Sources */ = {isa = PBXBuildFile; fileRef = E5D4D8BF1E48097F004308F0 /* SkinVideoViewController.m */; };
		E5D4D8E11E48097F004308F0 /* SkinVideoViewControllerView.m in Sources */ = {isa = PBXBuildFile; fileRef = E5D4D8C11E48097F004308F0 /* SkinVideoViewControllerView.m */; };
		E5D4D8E21E48097F004308F0 /* PolyvPlayerDemoViewController.m in Sources */ = {isa = PBXBuildFile; fileRef = E5D4D8C41E48097F004308F0 /* PolyvPlayerDemoViewController.m */; };
		E5D4D8E31E48097F004308F0 /* UploadDemoViewController.m in Sources */ = {isa = PBXBuildFile; fileRef = E5D4D8C61E48097F004308F0 /* UploadDemoViewController.m */; };
		E5D4D8E41E48097F004308F0 /* DetailViewController.m in Sources */ = {isa = PBXBuildFile; fileRef = E5D4D8C91E48097F004308F0 /* DetailViewController.m */; };
		E5D4D8E51E48097F004308F0 /* DetailViewController2.m in Sources */ = {isa = PBXBuildFile; fileRef = E5D4D8CB1E48097F004308F0 /* DetailViewController2.m */; };
		E5D4D8E61E48097F004308F0 /* VideoListTableViewController.m in Sources */ = {isa = PBXBuildFile; fileRef = E5D4D8CD1E48097F004308F0 /* VideoListTableViewController.m */; };
		E5F05B021E5ED85800A832CF /* AlicloudHttpDNS.framework in Frameworks */ = {isa = PBXBuildFile; fileRef = E5F05AE91E5ED85800A832CF /* AlicloudHttpDNS.framework */; };
		E5F05B031E5ED85800A832CF /* AlicloudUtils.framework in Frameworks */ = {isa = PBXBuildFile; fileRef = E5F05AEA1E5ED85800A832CF /* AlicloudUtils.framework */; };
		E5F05B041E5ED85800A832CF /* UTDID.framework in Frameworks */ = {isa = PBXBuildFile; fileRef = E5F05AEB1E5ED85800A832CF /* UTDID.framework */; };
		E5F05B051E5ED85800A832CF /* libpolyvSDK.a in Frameworks */ = {isa = PBXBuildFile; fileRef = E5F05B001E5ED85800A832CF /* libpolyvSDK.a */; };
/* End PBXBuildFile section */

/* Begin PBXContainerItemProxy section */
		CBA3713E196E6549008E95ED /* PBXContainerItemProxy */ = {
			isa = PBXContainerItemProxy;
			containerPortal = CBA37110196E6549008E95ED /* Project object */;
			proxyType = 1;
			remoteGlobalIDString = CBA37117196E6549008E95ED;
			remoteInfo = polyvSDK;
		};
/* End PBXContainerItemProxy section */

/* Begin PBXCopyFilesBuildPhase section */
		E51C09901E5BE93B006FE206 /* Embed Frameworks */ = {
			isa = PBXCopyFilesBuildPhase;
			buildActionMask = 2147483647;
			dstPath = "";
			dstSubfolderSpec = 10;
			files = (
			);
			name = "Embed Frameworks";
			runOnlyForDeploymentPostprocessing = 0;
		};
/* End PBXCopyFilesBuildPhase section */

/* Begin PBXFileReference section */
		CB231BEF1BDDD8B400EC18BF /* video.png */ = {isa = PBXFileReference; lastKnownFileType = image.png; path = video.png; sourceTree = "<group>"; };
		CB6569201C561B8B00AC2EC8 /* pvlogo.png */ = {isa = PBXFileReference; lastKnownFileType = image.png; path = pvlogo.png; sourceTree = "<group>"; };
		CB79F81B196E7E0700A1B817 /* MediaPlayer.framework */ = {isa = PBXFileReference; lastKnownFileType = wrapper.framework; name = MediaPlayer.framework; path = System/Library/Frameworks/MediaPlayer.framework; sourceTree = SDKROOT; };
		CB8E99D21B81CA4D00CDD71A /* libsqlite3.0.dylib */ = {isa = PBXFileReference; lastKnownFileType = "compiled.mach-o.dylib"; name = libsqlite3.0.dylib; path = usr/lib/libsqlite3.0.dylib; sourceTree = SDKROOT; };
		CBA37118196E6549008E95ED /* polyvSDK.app */ = {isa = PBXFileReference; explicitFileType = wrapper.application; includeInIndex = 0; path = polyvSDK.app; sourceTree = BUILT_PRODUCTS_DIR; };
		CBA3711B196E6549008E95ED /* Foundation.framework */ = {isa = PBXFileReference; lastKnownFileType = wrapper.framework; name = Foundation.framework; path = System/Library/Frameworks/Foundation.framework; sourceTree = SDKROOT; };
		CBA3711D196E6549008E95ED /* CoreGraphics.framework */ = {isa = PBXFileReference; lastKnownFileType = wrapper.framework; name = CoreGraphics.framework; path = System/Library/Frameworks/CoreGraphics.framework; sourceTree = SDKROOT; };
		CBA3711F196E6549008E95ED /* UIKit.framework */ = {isa = PBXFileReference; lastKnownFileType = wrapper.framework; name = UIKit.framework; path = System/Library/Frameworks/UIKit.framework; sourceTree = SDKROOT; };
		CBA37123196E6549008E95ED /* polyvSDK-Info.plist */ = {isa = PBXFileReference; lastKnownFileType = text.plist.xml; path = "polyvSDK-Info.plist"; sourceTree = "<group>"; };
		CBA37125196E6549008E95ED /* en */ = {isa = PBXFileReference; lastKnownFileType = text.plist.strings; name = en; path = en.lproj/InfoPlist.strings; sourceTree = "<group>"; };
		CBA37127196E6549008E95ED /* main.m */ = {isa = PBXFileReference; lastKnownFileType = sourcecode.c.objc; path = main.m; sourceTree = "<group>"; };
		CBA37129196E6549008E95ED /* polyvSDK-Prefix.pch */ = {isa = PBXFileReference; lastKnownFileType = sourcecode.c.h; path = "polyvSDK-Prefix.pch"; sourceTree = "<group>"; };
		CBA37133196E6549008E95ED /* Images.xcassets */ = {isa = PBXFileReference; lastKnownFileType = folder.assetcatalog; path = Images.xcassets; sourceTree = "<group>"; };
		CBA37139196E6549008E95ED /* polyvSDKTests.xctest */ = {isa = PBXFileReference; explicitFileType = wrapper.cfbundle; includeInIndex = 0; path = polyvSDKTests.xctest; sourceTree = BUILT_PRODUCTS_DIR; };
		CBA3713A196E6549008E95ED /* XCTest.framework */ = {isa = PBXFileReference; lastKnownFileType = wrapper.framework; name = XCTest.framework; path = Library/Frameworks/XCTest.framework; sourceTree = DEVELOPER_DIR; };
		CBA37142196E6549008E95ED /* polyvSDKTests-Info.plist */ = {isa = PBXFileReference; lastKnownFileType = text.plist.xml; path = "polyvSDKTests-Info.plist"; sourceTree = "<group>"; };
		CBA37144196E6549008E95ED /* en */ = {isa = PBXFileReference; lastKnownFileType = text.plist.strings; name = en; path = en.lproj/InfoPlist.strings; sourceTree = "<group>"; };
		CBA37146196E6549008E95ED /* polyvSDKTests.m */ = {isa = PBXFileReference; lastKnownFileType = sourcecode.c.objc; path = polyvSDKTests.m; sourceTree = "<group>"; };
		CBC2333A1AEA326100B0228E /* libz.dylib */ = {isa = PBXFileReference; lastKnownFileType = "compiled.mach-o.dylib"; name = libz.dylib; path = usr/lib/libz.dylib; sourceTree = SDKROOT; };
		CBF35D331B32B1E100E97C45 /* video-play.png */ = {isa = PBXFileReference; lastKnownFileType = image.png; path = "video-play.png"; sourceTree = "<group>"; };
		E51C09841E5BE88F006FE206 /* AlicloudHttpDNS.framework */ = {isa = PBXFileReference; lastKnownFileType = wrapper.framework; name = AlicloudHttpDNS.framework; path = "/Users/miniMonster/workspace/git/polyv-ios-client-demo/polyvSDK/Classes/libpolyvSDK/AdditionalLibrary/AlicloudHttpDNS.framework"; sourceTree = "<absolute>"; };
		E51C09851E5BE88F006FE206 /* AlicloudUtils.framework */ = {isa = PBXFileReference; lastKnownFileType = wrapper.framework; name = AlicloudUtils.framework; path = "/Users/miniMonster/workspace/git/polyv-ios-client-demo/polyvSDK/Classes/libpolyvSDK/AdditionalLibrary/AlicloudUtils.framework"; sourceTree = "<absolute>"; };
		E51C09861E5BE88F006FE206 /* UTDID.framework */ = {isa = PBXFileReference; lastKnownFileType = wrapper.framework; name = UTDID.framework; path = "/Users/miniMonster/workspace/git/polyv-ios-client-demo/polyvSDK/Classes/libpolyvSDK/AdditionalLibrary/UTDID.framework"; sourceTree = "<absolute>"; };
		E568FD081EF0F9C900803517 /* PvCheckBox.h */ = {isa = PBXFileReference; fileEncoding = 4; lastKnownFileType = sourcecode.c.h; path = PvCheckBox.h; sourceTree = "<group>"; };
		E568FD091EF0F9C900803517 /* PvCheckBox.m */ = {isa = PBXFileReference; fileEncoding = 4; lastKnownFileType = sourcecode.c.objc; path = PvCheckBox.m; sourceTree = "<group>"; };
		E568FD0B1EF0F9D500803517 /* PvExamView.h */ = {isa = PBXFileReference; fileEncoding = 4; lastKnownFileType = sourcecode.c.h; path = PvExamView.h; sourceTree = "<group>"; };
		E568FD0C1EF0F9D500803517 /* PvExamView.m */ = {isa = PBXFileReference; fileEncoding = 4; lastKnownFileType = sourcecode.c.objc; path = PvExamView.m; sourceTree = "<group>"; };
		E568FD0E1EF0F9DC00803517 /* PvRadioButton.h */ = {isa = PBXFileReference; fileEncoding = 4; lastKnownFileType = sourcecode.c.h; path = PvRadioButton.h; sourceTree = "<group>"; };
		E568FD0F1EF0F9DC00803517 /* PvRadioButton.m */ = {isa = PBXFileReference; fileEncoding = 4; lastKnownFileType = sourcecode.c.objc; path = PvRadioButton.m; sourceTree = "<group>"; };
		E595364E1E8FA6C000A8B405 /* UINavigationController+Orientation.h */ = {isa = PBXFileReference; fileEncoding = 4; lastKnownFileType = sourcecode.c.h; path = "UINavigationController+Orientation.h"; sourceTree = "<group>"; };
		E595364F1E8FA6C000A8B405 /* UINavigationController+Orientation.m */ = {isa = PBXFileReference; fileEncoding = 4; lastKnownFileType = sourcecode.c.objc; path = "UINavigationController+Orientation.m"; sourceTree = "<group>"; };
		E59536501E8FA6C000A8B405 /* UITabBarController+Orientation.h */ = {isa = PBXFileReference; fileEncoding = 4; lastKnownFileType = sourcecode.c.h; path = "UITabBarController+Orientation.h"; sourceTree = "<group>"; };
		E59536511E8FA6C000A8B405 /* UITabBarController+Orientation.m */ = {isa = PBXFileReference; fileEncoding = 4; lastKnownFileType = sourcecode.c.objc; path = "UITabBarController+Orientation.m"; sourceTree = "<group>"; };
		E59536531E8FA6C000A8B405 /* Video.h */ = {isa = PBXFileReference; fileEncoding = 4; lastKnownFileType = sourcecode.c.h; path = Video.h; sourceTree = "<group>"; };
		E59536541E8FA6C000A8B405 /* Video.m */ = {isa = PBXFileReference; fileEncoding = 4; lastKnownFileType = sourcecode.c.objc; path = Video.m; sourceTree = "<group>"; };
		E5C781291EADA90300B58134 /* Launch Screen.storyboard */ = {isa = PBXFileReference; fileEncoding = 4; lastKnownFileType = file.storyboard; path = "Launch Screen.storyboard"; sourceTree = "<group>"; };
		E5CBFECC1E5A85F500C20418 /* SystemConfiguration.framework */ = {isa = PBXFileReference; lastKnownFileType = wrapper.framework; name = SystemConfiguration.framework; path = System/Library/Frameworks/SystemConfiguration.framework; sourceTree = SDKROOT; };
		E5CBFECE1E5A860300C20418 /* CoreTelephony.framework */ = {isa = PBXFileReference; lastKnownFileType = wrapper.framework; name = CoreTelephony.framework; path = System/Library/Frameworks/CoreTelephony.framework; sourceTree = SDKROOT; };
		E5CBFED01E5A860D00C20418 /* libresolv.tbd */ = {isa = PBXFileReference; lastKnownFileType = "sourcecode.text-based-dylib-definition"; name = libresolv.tbd; path = usr/lib/libresolv.tbd; sourceTree = SDKROOT; };
		E5D211061CD8B72800F848CA /* checkbox_checked.png */ = {isa = PBXFileReference; lastKnownFileType = image.png; path = checkbox_checked.png; sourceTree = "<group>"; };
		E5D211071CD8B72800F848CA /* checkbox_checked@2x.png */ = {isa = PBXFileReference; lastKnownFileType = image.png; path = "checkbox_checked@2x.png"; sourceTree = "<group>"; };
		E5D211081CD8B72800F848CA /* checkbox_unchecked.png */ = {isa = PBXFileReference; lastKnownFileType = image.png; path = checkbox_unchecked.png; sourceTree = "<group>"; };
		E5D211091CD8B72800F848CA /* checkbox_unchecked@2x.png */ = {isa = PBXFileReference; lastKnownFileType = image.png; path = "checkbox_unchecked@2x.png"; sourceTree = "<group>"; };
		E5D2110A1CD8B72800F848CA /* pl-video-player-back@2x.png */ = {isa = PBXFileReference; lastKnownFileType = image.png; path = "pl-video-player-back@2x.png"; sourceTree = "<group>"; };
		E5D2110B1CD8B72800F848CA /* pl-video-player-back@3x.png */ = {isa = PBXFileReference; lastKnownFileType = image.png; path = "pl-video-player-back@3x.png"; sourceTree = "<group>"; };
		E5D2110C1CD8B72800F848CA /* pl-video-player-backward@2x.png */ = {isa = PBXFileReference; lastKnownFileType = image.png; path = "pl-video-player-backward@2x.png"; sourceTree = "<group>"; };
		E5D2110D1CD8B72800F848CA /* pl-video-player-backward@3x.png */ = {isa = PBXFileReference; lastKnownFileType = image.png; path = "pl-video-player-backward@3x.png"; sourceTree = "<group>"; };
		E5D2110E1CD8B72800F848CA /* pl-video-player-close@2x.png */ = {isa = PBXFileReference; lastKnownFileType = image.png; path = "pl-video-player-close@2x.png"; sourceTree = "<group>"; };
		E5D2110F1CD8B72800F848CA /* pl-video-player-close@3x.png */ = {isa = PBXFileReference; lastKnownFileType = image.png; path = "pl-video-player-close@3x.png"; sourceTree = "<group>"; };
		E5D211101CD8B72800F848CA /* pl-video-player-danmu.png */ = {isa = PBXFileReference; lastKnownFileType = image.png; path = "pl-video-player-danmu.png"; sourceTree = "<group>"; };
		E5D211111CD8B72800F848CA /* pl-video-player-forward@2x.png */ = {isa = PBXFileReference; lastKnownFileType = image.png; path = "pl-video-player-forward@2x.png"; sourceTree = "<group>"; };
		E5D211121CD8B72800F848CA /* pl-video-player-forward@3x.png */ = {isa = PBXFileReference; lastKnownFileType = image.png; path = "pl-video-player-forward@3x.png"; sourceTree = "<group>"; };
		E5D211131CD8B72800F848CA /* pl-video-player-fullscreen@2x.png */ = {isa = PBXFileReference; lastKnownFileType = image.png; path = "pl-video-player-fullscreen@2x.png"; sourceTree = "<group>"; };
		E5D211141CD8B72800F848CA /* pl-video-player-fullscreen@3x.png */ = {isa = PBXFileReference; lastKnownFileType = image.png; path = "pl-video-player-fullscreen@3x.png"; sourceTree = "<group>"; };
		E5D211151CD8B72800F848CA /* pl-video-player-pause@2x.png */ = {isa = PBXFileReference; lastKnownFileType = image.png; path = "pl-video-player-pause@2x.png"; sourceTree = "<group>"; };
		E5D211161CD8B72800F848CA /* pl-video-player-pause@3x.png */ = {isa = PBXFileReference; lastKnownFileType = image.png; path = "pl-video-player-pause@3x.png"; sourceTree = "<group>"; };
		E5D211171CD8B72800F848CA /* pl-video-player-play@2x.png */ = {isa = PBXFileReference; lastKnownFileType = image.png; path = "pl-video-player-play@2x.png"; sourceTree = "<group>"; };
		E5D211181CD8B72800F848CA /* pl-video-player-play@3x.png */ = {isa = PBXFileReference; lastKnownFileType = image.png; path = "pl-video-player-play@3x.png"; sourceTree = "<group>"; };
		E5D211191CD8B72800F848CA /* pl-video-player-point@2x.png */ = {isa = PBXFileReference; lastKnownFileType = image.png; path = "pl-video-player-point@2x.png"; sourceTree = "<group>"; };
		E5D2111A1CD8B72800F848CA /* pl-video-player-point@3x.png */ = {isa = PBXFileReference; lastKnownFileType = image.png; path = "pl-video-player-point@3x.png"; sourceTree = "<group>"; };
		E5D2111B1CD8B72800F848CA /* pl-video-player-shrinkscreen@2x.png */ = {isa = PBXFileReference; lastKnownFileType = image.png; path = "pl-video-player-shrinkscreen@2x.png"; sourceTree = "<group>"; };
		E5D2111C1CD8B72800F848CA /* pl-video-player-shrinkscreen@3x.png */ = {isa = PBXFileReference; lastKnownFileType = image.png; path = "pl-video-player-shrinkscreen@3x.png"; sourceTree = "<group>"; };
		E5D2111D1CD8B72800F848CA /* pl-video-player-snapshot.png */ = {isa = PBXFileReference; lastKnownFileType = image.png; path = "pl-video-player-snapshot.png"; sourceTree = "<group>"; };
		E5D2111E1CD8B72800F848CA /* radio_checked.png */ = {isa = PBXFileReference; lastKnownFileType = image.png; path = radio_checked.png; sourceTree = "<group>"; };
		E5D2111F1CD8B72800F848CA /* radio_checked@2x.png */ = {isa = PBXFileReference; lastKnownFileType = image.png; path = "radio_checked@2x.png"; sourceTree = "<group>"; };
		E5D211201CD8B72800F848CA /* radio_unchecked.png */ = {isa = PBXFileReference; lastKnownFileType = image.png; path = radio_unchecked.png; sourceTree = "<group>"; };
		E5D211211CD8B72800F848CA /* radio_unchecked@2x.png */ = {isa = PBXFileReference; lastKnownFileType = image.png; path = "radio_unchecked@2x.png"; sourceTree = "<group>"; };
		E5D4D8801E48097F004308F0 /* DownloadListTableViewController.h */ = {isa = PBXFileReference; fileEncoding = 4; lastKnownFileType = sourcecode.c.h; path = DownloadListTableViewController.h; sourceTree = "<group>"; };
		E5D4D8811E48097F004308F0 /* DownloadListTableViewController.m */ = {isa = PBXFileReference; fileEncoding = 4; lastKnownFileType = sourcecode.c.objc; path = DownloadListTableViewController.m; sourceTree = "<group>"; };
		E5D4D89C1E48097F004308F0 /* FMDatabase.h */ = {isa = PBXFileReference; fileEncoding = 4; lastKnownFileType = sourcecode.c.h; path = FMDatabase.h; sourceTree = "<group>"; };
		E5D4D89D1E48097F004308F0 /* FMDatabase.m */ = {isa = PBXFileReference; fileEncoding = 4; lastKnownFileType = sourcecode.c.objc; path = FMDatabase.m; sourceTree = "<group>"; };
		E5D4D89E1E48097F004308F0 /* FMDatabaseAdditions.h */ = {isa = PBXFileReference; fileEncoding = 4; lastKnownFileType = sourcecode.c.h; path = FMDatabaseAdditions.h; sourceTree = "<group>"; };
		E5D4D89F1E48097F004308F0 /* FMDatabaseAdditions.m */ = {isa = PBXFileReference; fileEncoding = 4; lastKnownFileType = sourcecode.c.objc; path = FMDatabaseAdditions.m; sourceTree = "<group>"; };
		E5D4D8A01E48097F004308F0 /* FMDatabasePool.h */ = {isa = PBXFileReference; fileEncoding = 4; lastKnownFileType = sourcecode.c.h; path = FMDatabasePool.h; sourceTree = "<group>"; };
		E5D4D8A11E48097F004308F0 /* FMDatabasePool.m */ = {isa = PBXFileReference; fileEncoding = 4; lastKnownFileType = sourcecode.c.objc; path = FMDatabasePool.m; sourceTree = "<group>"; };
		E5D4D8A21E48097F004308F0 /* FMDatabaseQueue.h */ = {isa = PBXFileReference; fileEncoding = 4; lastKnownFileType = sourcecode.c.h; path = FMDatabaseQueue.h; sourceTree = "<group>"; };
		E5D4D8A31E48097F004308F0 /* FMDatabaseQueue.m */ = {isa = PBXFileReference; fileEncoding = 4; lastKnownFileType = sourcecode.c.objc; path = FMDatabaseQueue.m; sourceTree = "<group>"; };
		E5D4D8A41E48097F004308F0 /* FMDB.h */ = {isa = PBXFileReference; fileEncoding = 4; lastKnownFileType = sourcecode.c.h; path = FMDB.h; sourceTree = "<group>"; };
		E5D4D8A51E48097F004308F0 /* FMResultSet.h */ = {isa = PBXFileReference; fileEncoding = 4; lastKnownFileType = sourcecode.c.h; path = FMResultSet.h; sourceTree = "<group>"; };
		E5D4D8A61E48097F004308F0 /* FMResultSet.m */ = {isa = PBXFileReference; fileEncoding = 4; lastKnownFileType = sourcecode.c.objc; path = FMResultSet.m; sourceTree = "<group>"; };
		E5D4D8A71E48097F004308F0 /* FMDBHelper.h */ = {isa = PBXFileReference; fileEncoding = 4; lastKnownFileType = sourcecode.c.h; path = FMDBHelper.h; sourceTree = "<group>"; };
		E5D4D8A81E48097F004308F0 /* FMDBHelper.m */ = {isa = PBXFileReference; fileEncoding = 4; lastKnownFileType = sourcecode.c.objc; path = FMDBHelper.m; sourceTree = "<group>"; };
		E5D4D8AA1E48097F004308F0 /* PLVIndicator.h */ = {isa = PBXFileReference; fileEncoding = 4; lastKnownFileType = sourcecode.c.h; path = PLVIndicator.h; sourceTree = "<group>"; };
		E5D4D8AB1E48097F004308F0 /* PLVIndicator.m */ = {isa = PBXFileReference; fileEncoding = 4; lastKnownFileType = sourcecode.c.objc; path = PLVIndicator.m; sourceTree = "<group>"; };
		E5D4D8AC1E48097F004308F0 /* PLVSlider.h */ = {isa = PBXFileReference; fileEncoding = 4; lastKnownFileType = sourcecode.c.h; path = PLVSlider.h; sourceTree = "<group>"; };
		E5D4D8AD1E48097F004308F0 /* PLVSlider.m */ = {isa = PBXFileReference; fileEncoding = 4; lastKnownFileType = sourcecode.c.objc; path = PLVSlider.m; sourceTree = "<group>"; };
		E5D4D8AE1E48097F004308F0 /* SubTitleLabel.h */ = {isa = PBXFileReference; fileEncoding = 4; lastKnownFileType = sourcecode.c.h; path = SubTitleLabel.h; sourceTree = "<group>"; };
		E5D4D8AF1E48097F004308F0 /* SubTitleLabel.m */ = {isa = PBXFileReference; fileEncoding = 4; lastKnownFileType = sourcecode.c.objc; path = SubTitleLabel.m; sourceTree = "<group>"; };
		E5D4D8B11E48097F004308F0 /* AppDelegate.h */ = {isa = PBXFileReference; fileEncoding = 4; lastKnownFileType = sourcecode.c.h; path = AppDelegate.h; sourceTree = "<group>"; };
		E5D4D8B21E48097F004308F0 /* AppDelegate.m */ = {isa = PBXFileReference; fileEncoding = 4; lastKnownFileType = sourcecode.c.objc; path = AppDelegate.m; sourceTree = "<group>"; };
		E5D4D8B41E48097F004308F0 /* Base */ = {isa = PBXFileReference; lastKnownFileType = file.storyboard; name = Base; path = Base.lproj/Main.storyboard; sourceTree = "<group>"; };
		E5D4D8B51E48097F004308F0 /* RootViewViewController.h */ = {isa = PBXFileReference; fileEncoding = 4; lastKnownFileType = sourcecode.c.h; path = RootViewViewController.h; sourceTree = "<group>"; };
		E5D4D8B61E48097F004308F0 /* RootViewViewController.m */ = {isa = PBXFileReference; fileEncoding = 4; lastKnownFileType = sourcecode.c.objc; path = RootViewViewController.m; sourceTree = "<group>"; };
		E5D4D8BE1E48097F004308F0 /* SkinVideoViewController.h */ = {isa = PBXFileReference; fileEncoding = 4; lastKnownFileType = sourcecode.c.h; path = SkinVideoViewController.h; sourceTree = "<group>"; };
		E5D4D8BF1E48097F004308F0 /* SkinVideoViewController.m */ = {isa = PBXFileReference; fileEncoding = 4; lastKnownFileType = sourcecode.c.objc; path = SkinVideoViewController.m; sourceTree = "<group>"; };
		E5D4D8C01E48097F004308F0 /* SkinVideoViewControllerView.h */ = {isa = PBXFileReference; fileEncoding = 4; lastKnownFileType = sourcecode.c.h; path = SkinVideoViewControllerView.h; sourceTree = "<group>"; };
		E5D4D8C11E48097F004308F0 /* SkinVideoViewControllerView.m */ = {isa = PBXFileReference; fileEncoding = 4; lastKnownFileType = sourcecode.c.objc; path = SkinVideoViewControllerView.m; sourceTree = "<group>"; };
		E5D4D8C31E48097F004308F0 /* PolyvPlayerDemoViewController.h */ = {isa = PBXFileReference; fileEncoding = 4; lastKnownFileType = sourcecode.c.h; path = PolyvPlayerDemoViewController.h; sourceTree = "<group>"; };
		E5D4D8C41E48097F004308F0 /* PolyvPlayerDemoViewController.m */ = {isa = PBXFileReference; fileEncoding = 4; lastKnownFileType = sourcecode.c.objc; path = PolyvPlayerDemoViewController.m; sourceTree = "<group>"; };
		E5D4D8C51E48097F004308F0 /* UploadDemoViewController.h */ = {isa = PBXFileReference; fileEncoding = 4; lastKnownFileType = sourcecode.c.h; path = UploadDemoViewController.h; sourceTree = "<group>"; };
		E5D4D8C61E48097F004308F0 /* UploadDemoViewController.m */ = {isa = PBXFileReference; fileEncoding = 4; lastKnownFileType = sourcecode.c.objc; path = UploadDemoViewController.m; sourceTree = "<group>"; };
		E5D4D8C81E48097F004308F0 /* DetailViewController.h */ = {isa = PBXFileReference; fileEncoding = 4; lastKnownFileType = sourcecode.c.h; path = DetailViewController.h; sourceTree = "<group>"; };
		E5D4D8C91E48097F004308F0 /* DetailViewController.m */ = {isa = PBXFileReference; fileEncoding = 4; lastKnownFileType = sourcecode.c.objc; path = DetailViewController.m; sourceTree = "<group>"; };
		E5D4D8CA1E48097F004308F0 /* DetailViewController2.h */ = {isa = PBXFileReference; fileEncoding = 4; lastKnownFileType = sourcecode.c.h; path = DetailViewController2.h; sourceTree = "<group>"; };
		E5D4D8CB1E48097F004308F0 /* DetailViewController2.m */ = {isa = PBXFileReference; fileEncoding = 4; lastKnownFileType = sourcecode.c.objc; path = DetailViewController2.m; sourceTree = "<group>"; };
		E5D4D8CC1E48097F004308F0 /* VideoListTableViewController.h */ = {isa = PBXFileReference; fileEncoding = 4; lastKnownFileType = sourcecode.c.h; path = VideoListTableViewController.h; sourceTree = "<group>"; };
		E5D4D8CD1E48097F004308F0 /* VideoListTableViewController.m */ = {isa = PBXFileReference; fileEncoding = 4; lastKnownFileType = sourcecode.c.objc; path = VideoListTableViewController.m; sourceTree = "<group>"; };
		E5F05AE91E5ED85800A832CF /* AlicloudHttpDNS.framework */ = {isa = PBXFileReference; lastKnownFileType = wrapper.framework; path = AlicloudHttpDNS.framework; sourceTree = "<group>"; };
		E5F05AEA1E5ED85800A832CF /* AlicloudUtils.framework */ = {isa = PBXFileReference; lastKnownFileType = wrapper.framework; path = AlicloudUtils.framework; sourceTree = "<group>"; };
		E5F05AEB1E5ED85800A832CF /* UTDID.framework */ = {isa = PBXFileReference; lastKnownFileType = wrapper.framework; path = UTDID.framework; sourceTree = "<group>"; };
		E5F05AED1E5ED85800A832CF /* PLVAssetData.h */ = {isa = PBXFileReference; fileEncoding = 4; lastKnownFileType = sourcecode.c.h; path = PLVAssetData.h; sourceTree = "<group>"; };
		E5F05AEE1E5ED85800A832CF /* PLVData.h */ = {isa = PBXFileReference; fileEncoding = 4; lastKnownFileType = sourcecode.c.h; path = PLVData.h; sourceTree = "<group>"; };
		E5F05AEF1E5ED85800A832CF /* PLVKit.h */ = {isa = PBXFileReference; fileEncoding = 4; lastKnownFileType = sourcecode.c.h; path = PLVKit.h; sourceTree = "<group>"; };
		E5F05AF01E5ED85800A832CF /* PLVMoviePlayerController.h */ = {isa = PBXFileReference; fileEncoding = 4; lastKnownFileType = sourcecode.c.h; path = PLVMoviePlayerController.h; sourceTree = "<group>"; };
		E5F05AF11E5ED85800A832CF /* PLVResumableUpload.h */ = {isa = PBXFileReference; fileEncoding = 4; lastKnownFileType = sourcecode.c.h; path = PLVResumableUpload.h; sourceTree = "<group>"; };
		E5F05AF21E5ED85800A832CF /* PolyvSettings.h */ = {isa = PBXFileReference; fileEncoding = 4; lastKnownFileType = sourcecode.c.h; path = PolyvSettings.h; sourceTree = "<group>"; };
		E5F05AF31E5ED85800A832CF /* PolyvUtil.h */ = {isa = PBXFileReference; fileEncoding = 4; lastKnownFileType = sourcecode.c.h; path = PolyvUtil.h; sourceTree = "<group>"; };
		E5F05AF41E5ED85800A832CF /* PvCachable.h */ = {isa = PBXFileReference; fileEncoding = 4; lastKnownFileType = sourcecode.c.h; path = PvCachable.h; sourceTree = "<group>"; };
		E5F05AF61E5ED85800A832CF /* PVDanmuManager.h */ = {isa = PBXFileReference; fileEncoding = 4; lastKnownFileType = sourcecode.c.h; path = PVDanmuManager.h; sourceTree = "<group>"; };
		E5F05AF71E5ED85800A832CF /* PvDanmuOperateView.h */ = {isa = PBXFileReference; fileEncoding = 4; lastKnownFileType = sourcecode.c.h; path = PvDanmuOperateView.h; sourceTree = "<group>"; };
		E5F05AF81E5ED85800A832CF /* PvDanmuSendView.h */ = {isa = PBXFileReference; fileEncoding = 4; lastKnownFileType = sourcecode.c.h; path = PvDanmuSendView.h; sourceTree = "<group>"; };
		E5F05AF91E5ED85800A832CF /* PvExam.h */ = {isa = PBXFileReference; fileEncoding = 4; lastKnownFileType = sourcecode.c.h; path = PvExam.h; sourceTree = "<group>"; };
		E5F05AFC1E5ED85800A832CF /* PvReportManager.h */ = {isa = PBXFileReference; fileEncoding = 4; lastKnownFileType = sourcecode.c.h; path = PvReportManager.h; sourceTree = "<group>"; };
		E5F05AFD1E5ED85800A832CF /* PvUrlSessionDownload.h */ = {isa = PBXFileReference; fileEncoding = 4; lastKnownFileType = sourcecode.c.h; path = PvUrlSessionDownload.h; sourceTree = "<group>"; };
		E5F05AFE1E5ED85800A832CF /* PvUrlSessionDownloadDelegate.h */ = {isa = PBXFileReference; fileEncoding = 4; lastKnownFileType = sourcecode.c.h; path = PvUrlSessionDownloadDelegate.h; sourceTree = "<group>"; };
		E5F05AFF1E5ED85800A832CF /* PvVideo.h */ = {isa = PBXFileReference; fileEncoding = 4; lastKnownFileType = sourcecode.c.h; path = PvVideo.h; sourceTree = "<group>"; };
		E5F05B001E5ED85800A832CF /* libpolyvSDK.a */ = {isa = PBXFileReference; lastKnownFileType = archive.ar; path = libpolyvSDK.a; sourceTree = "<group>"; };
		E5F05B011E5ED85800A832CF /* README.md */ = {isa = PBXFileReference; fileEncoding = 4; lastKnownFileType = net.daringfireball.markdown; path = README.md; sourceTree = "<group>"; };
/* End PBXFileReference section */

/* Begin PBXFrameworksBuildPhase section */
		CBA37115196E6549008E95ED /* Frameworks */ = {
			isa = PBXFrameworksBuildPhase;
			buildActionMask = 2147483647;
			files = (
				E5CBFED11E5A860D00C20418 /* libresolv.tbd in Frameworks */,
				E5CBFECF1E5A860300C20418 /* CoreTelephony.framework in Frameworks */,
				E5CBFECD1E5A85F500C20418 /* SystemConfiguration.framework in Frameworks */,
				E51C098A1E5BE93B006FE206 /* AlicloudHttpDNS.framework in Frameworks */,
				E51C09891E5BE88F006FE206 /* UTDID.framework in Frameworks */,
				CB8E99D31B81CA4D00CDD71A /* libsqlite3.0.dylib in Frameworks */,
				E51C09881E5BE88F006FE206 /* AlicloudUtils.framework in Frameworks */,
				CBC2333B1AEA326100B0228E /* libz.dylib in Frameworks */,
				E5F05B041E5ED85800A832CF /* UTDID.framework in Frameworks */,
				CB79F81C196E7E0700A1B817 /* MediaPlayer.framework in Frameworks */,
				E5F05B031E5ED85800A832CF /* AlicloudUtils.framework in Frameworks */,
				CBA3711E196E6549008E95ED /* CoreGraphics.framework in Frameworks */,
				CBA37120196E6549008E95ED /* UIKit.framework in Frameworks */,
				E5F05B021E5ED85800A832CF /* AlicloudHttpDNS.framework in Frameworks */,
				CBA3711C196E6549008E95ED /* Foundation.framework in Frameworks */,
				E5F05B051E5ED85800A832CF /* libpolyvSDK.a in Frameworks */,
			);
			runOnlyForDeploymentPostprocessing = 0;
		};
		CBA37136196E6549008E95ED /* Frameworks */ = {
			isa = PBXFrameworksBuildPhase;
			buildActionMask = 2147483647;
			files = (
				CBA3713B196E6549008E95ED /* XCTest.framework in Frameworks */,
				CBA3713D196E6549008E95ED /* UIKit.framework in Frameworks */,
				CBA3713C196E6549008E95ED /* Foundation.framework in Frameworks */,
			);
			runOnlyForDeploymentPostprocessing = 0;
		};
/* End PBXFrameworksBuildPhase section */

/* Begin PBXGroup section */
		CBA3710F196E6549008E95ED = {
			isa = PBXGroup;
			children = (
				CBA37121196E6549008E95ED /* polyvSDK */,
				CBA37140196E6549008E95ED /* polyvSDKTests */,
				CBA3711A196E6549008E95ED /* Frameworks */,
				CBA37119196E6549008E95ED /* Products */,
			);
			sourceTree = "<group>";
		};
		CBA37119196E6549008E95ED /* Products */ = {
			isa = PBXGroup;
			children = (
				CBA37118196E6549008E95ED /* polyvSDK.app */,
				CBA37139196E6549008E95ED /* polyvSDKTests.xctest */,
			);
			name = Products;
			sourceTree = "<group>";
		};
		CBA3711A196E6549008E95ED /* Frameworks */ = {
			isa = PBXGroup;
			children = (
				E5CBFED01E5A860D00C20418 /* libresolv.tbd */,
				E5CBFECE1E5A860300C20418 /* CoreTelephony.framework */,
				E5CBFECC1E5A85F500C20418 /* SystemConfiguration.framework */,
				CB8E99D21B81CA4D00CDD71A /* libsqlite3.0.dylib */,
				CBC2333A1AEA326100B0228E /* libz.dylib */,
				CB79F81B196E7E0700A1B817 /* MediaPlayer.framework */,
				CBA3711B196E6549008E95ED /* Foundation.framework */,
				CBA3711D196E6549008E95ED /* CoreGraphics.framework */,
				CBA3711F196E6549008E95ED /* UIKit.framework */,
				CBA3713A196E6549008E95ED /* XCTest.framework */,
			);
			name = Frameworks;
			sourceTree = "<group>";
		};
		CBA37121196E6549008E95ED /* polyvSDK */ = {
			isa = PBXGroup;
			children = (
				E5D4D87E1E48097F004308F0 /* Classes */,
				CBA37133196E6549008E95ED /* Images.xcassets */,
				CBA37122196E6549008E95ED /* Supporting Files */,
			);
			path = polyvSDK;
			sourceTree = "<group>";
		};
		CBA37122196E6549008E95ED /* Supporting Files */ = {
			isa = PBXGroup;
			children = (
				E5D211051CD8B72800F848CA /* Assets */,
				CB6569201C561B8B00AC2EC8 /* pvlogo.png */,
				CB231BEF1BDDD8B400EC18BF /* video.png */,
				CBF35D331B32B1E100E97C45 /* video-play.png */,
				CBA37123196E6549008E95ED /* polyvSDK-Info.plist */,
				CBA37124196E6549008E95ED /* InfoPlist.strings */,
				CBA37127196E6549008E95ED /* main.m */,
				CBA37129196E6549008E95ED /* polyvSDK-Prefix.pch */,
			);
			name = "Supporting Files";
			sourceTree = "<group>";
		};
		CBA37140196E6549008E95ED /* polyvSDKTests */ = {
			isa = PBXGroup;
			children = (
				CBA37146196E6549008E95ED /* polyvSDKTests.m */,
				CBA37141196E6549008E95ED /* Supporting Files */,
			);
			path = polyvSDKTests;
			sourceTree = "<group>";
		};
		CBA37141196E6549008E95ED /* Supporting Files */ = {
			isa = PBXGroup;
			children = (
				CBA37142196E6549008E95ED /* polyvSDKTests-Info.plist */,
				CBA37143196E6549008E95ED /* InfoPlist.strings */,
			);
			name = "Supporting Files";
			sourceTree = "<group>";
		};
		E568FD071EF0F9B300803517 /* PLVControl */ = {
			isa = PBXGroup;
			children = (
				E568FD0E1EF0F9DC00803517 /* PvRadioButton.h */,
				E568FD0F1EF0F9DC00803517 /* PvRadioButton.m */,
				E568FD0B1EF0F9D500803517 /* PvExamView.h */,
				E568FD0C1EF0F9D500803517 /* PvExamView.m */,
				E568FD081EF0F9C900803517 /* PvCheckBox.h */,
				E568FD091EF0F9C900803517 /* PvCheckBox.m */,
			);
			path = PLVControl;
			sourceTree = "<group>";
		};
		E595364D1E8FA6C000A8B405 /* Category */ = {
			isa = PBXGroup;
			children = (
				E595364E1E8FA6C000A8B405 /* UINavigationController+Orientation.h */,
				E595364F1E8FA6C000A8B405 /* UINavigationController+Orientation.m */,
				E59536501E8FA6C000A8B405 /* UITabBarController+Orientation.h */,
				E59536511E8FA6C000A8B405 /* UITabBarController+Orientation.m */,
			);
			path = Category;
			sourceTree = "<group>";
		};
		E59536521E8FA6C000A8B405 /* Model */ = {
			isa = PBXGroup;
			children = (
				E59536531E8FA6C000A8B405 /* Video.h */,
				E59536541E8FA6C000A8B405 /* Video.m */,
			);
			path = Model;
			sourceTree = "<group>";
		};
		E5D211051CD8B72800F848CA /* Assets */ = {
			isa = PBXGroup;
			children = (
				E5D211061CD8B72800F848CA /* checkbox_checked.png */,
				E5D211071CD8B72800F848CA /* checkbox_checked@2x.png */,
				E5D211081CD8B72800F848CA /* checkbox_unchecked.png */,
				E5D211091CD8B72800F848CA /* checkbox_unchecked@2x.png */,
				E5D2110A1CD8B72800F848CA /* pl-video-player-back@2x.png */,
				E5D2110B1CD8B72800F848CA /* pl-video-player-back@3x.png */,
				E5D2110C1CD8B72800F848CA /* pl-video-player-backward@2x.png */,
				E5D2110D1CD8B72800F848CA /* pl-video-player-backward@3x.png */,
				E5D2110E1CD8B72800F848CA /* pl-video-player-close@2x.png */,
				E5D2110F1CD8B72800F848CA /* pl-video-player-close@3x.png */,
				E5D211101CD8B72800F848CA /* pl-video-player-danmu.png */,
				E5D211111CD8B72800F848CA /* pl-video-player-forward@2x.png */,
				E5D211121CD8B72800F848CA /* pl-video-player-forward@3x.png */,
				E5D211131CD8B72800F848CA /* pl-video-player-fullscreen@2x.png */,
				E5D211141CD8B72800F848CA /* pl-video-player-fullscreen@3x.png */,
				E5D211151CD8B72800F848CA /* pl-video-player-pause@2x.png */,
				E5D211161CD8B72800F848CA /* pl-video-player-pause@3x.png */,
				E5D211171CD8B72800F848CA /* pl-video-player-play@2x.png */,
				E5D211181CD8B72800F848CA /* pl-video-player-play@3x.png */,
				E5D211191CD8B72800F848CA /* pl-video-player-point@2x.png */,
				E5D2111A1CD8B72800F848CA /* pl-video-player-point@3x.png */,
				E5D2111B1CD8B72800F848CA /* pl-video-player-shrinkscreen@2x.png */,
				E5D2111C1CD8B72800F848CA /* pl-video-player-shrinkscreen@3x.png */,
				E5D2111D1CD8B72800F848CA /* pl-video-player-snapshot.png */,
				E5D2111E1CD8B72800F848CA /* radio_checked.png */,
				E5D2111F1CD8B72800F848CA /* radio_checked@2x.png */,
				E5D211201CD8B72800F848CA /* radio_unchecked.png */,
				E5D211211CD8B72800F848CA /* radio_unchecked@2x.png */,
			);
			path = Assets;
			sourceTree = "<group>";
		};
		E5D4D87E1E48097F004308F0 /* Classes */ = {
			isa = PBXGroup;
			children = (
				E5F05AE71E5ED85800A832CF /* libpolyvSDK */,
				E5D4D8991E48097F004308F0 /* Library */,
				E5D4D8BD1E48097F004308F0 /* SkinPlayer */,
				E5D4D8B01E48097F004308F0 /* Main */,
				E5D4D8C71E48097F004308F0 /* VideoList */,
				E5D4D8C21E48097F004308F0 /* UploadDemo */,
				E5D4D87F1E48097F004308F0 /* DownloadList */,
			);
			path = Classes;
			sourceTree = "<group>";
		};
		E5D4D87F1E48097F004308F0 /* DownloadList */ = {
			isa = PBXGroup;
			children = (
				E5D4D8801E48097F004308F0 /* DownloadListTableViewController.h */,
				E5D4D8811E48097F004308F0 /* DownloadListTableViewController.m */,
			);
			path = DownloadList;
			sourceTree = "<group>";
		};
		E5D4D8991E48097F004308F0 /* Library */ = {
			isa = PBXGroup;
			children = (
				E5D4D89A1E48097F004308F0 /* FMDB */,
				E5D4D8A91E48097F004308F0 /* PLVControl */,
			);
			path = Library;
			sourceTree = "<group>";
		};
		E5D4D89A1E48097F004308F0 /* FMDB */ = {
			isa = PBXGroup;
			children = (
				E5D4D89B1E48097F004308F0 /* FMDB */,
				E5D4D8A71E48097F004308F0 /* FMDBHelper.h */,
				E5D4D8A81E48097F004308F0 /* FMDBHelper.m */,
			);
			path = FMDB;
			sourceTree = "<group>";
		};
		E5D4D89B1E48097F004308F0 /* FMDB */ = {
			isa = PBXGroup;
			children = (
				E5D4D89C1E48097F004308F0 /* FMDatabase.h */,
				E5D4D89D1E48097F004308F0 /* FMDatabase.m */,
				E5D4D89E1E48097F004308F0 /* FMDatabaseAdditions.h */,
				E5D4D89F1E48097F004308F0 /* FMDatabaseAdditions.m */,
				E5D4D8A01E48097F004308F0 /* FMDatabasePool.h */,
				E5D4D8A11E48097F004308F0 /* FMDatabasePool.m */,
				E5D4D8A21E48097F004308F0 /* FMDatabaseQueue.h */,
				E5D4D8A31E48097F004308F0 /* FMDatabaseQueue.m */,
				E5D4D8A41E48097F004308F0 /* FMDB.h */,
				E5D4D8A51E48097F004308F0 /* FMResultSet.h */,
				E5D4D8A61E48097F004308F0 /* FMResultSet.m */,
			);
			path = FMDB;
			sourceTree = "<group>";
		};
		E5D4D8A91E48097F004308F0 /* PLVControl */ = {
			isa = PBXGroup;
			children = (
				E5D4D8AA1E48097F004308F0 /* PLVIndicator.h */,
				E5D4D8AB1E48097F004308F0 /* PLVIndicator.m */,
				E5D4D8AC1E48097F004308F0 /* PLVSlider.h */,
				E5D4D8AD1E48097F004308F0 /* PLVSlider.m */,
				E5D4D8AE1E48097F004308F0 /* SubTitleLabel.h */,
				E5D4D8AF1E48097F004308F0 /* SubTitleLabel.m */,
			);
			path = PLVControl;
			sourceTree = "<group>";
		};
		E5D4D8B01E48097F004308F0 /* Main */ = {
			isa = PBXGroup;
			children = (
				E5D4D8B11E48097F004308F0 /* AppDelegate.h */,
				E5D4D8B21E48097F004308F0 /* AppDelegate.m */,
				E5C781291EADA90300B58134 /* Launch Screen.storyboard */,
				E5D4D8B31E48097F004308F0 /* Main.storyboard */,
				E5D4D8B51E48097F004308F0 /* RootViewViewController.h */,
				E5D4D8B61E48097F004308F0 /* RootViewViewController.m */,
				E59536521E8FA6C000A8B405 /* Model */,
				E595364D1E8FA6C000A8B405 /* Category */,
			);
			path = Main;
			sourceTree = "<group>";
		};
		E5D4D8BD1E48097F004308F0 /* SkinPlayer */ = {
			isa = PBXGroup;
			children = (
				E5D4D8BE1E48097F004308F0 /* SkinVideoViewController.h */,
				E5D4D8BF1E48097F004308F0 /* SkinVideoViewController.m */,
				E5D4D8C01E48097F004308F0 /* SkinVideoViewControllerView.h */,
				E5D4D8C11E48097F004308F0 /* SkinVideoViewControllerView.m */,
			);
			path = SkinPlayer;
			sourceTree = "<group>";
		};
		E5D4D8C21E48097F004308F0 /* UploadDemo */ = {
			isa = PBXGroup;
			children = (
				E5D4D8C31E48097F004308F0 /* PolyvPlayerDemoViewController.h */,
				E5D4D8C41E48097F004308F0 /* PolyvPlayerDemoViewController.m */,
				E5D4D8C51E48097F004308F0 /* UploadDemoViewController.h */,
				E5D4D8C61E48097F004308F0 /* UploadDemoViewController.m */,
			);
			path = UploadDemo;
			sourceTree = "<group>";
		};
		E5D4D8C71E48097F004308F0 /* VideoList */ = {
			isa = PBXGroup;
			children = (
				E5D4D8C81E48097F004308F0 /* DetailViewController.h */,
				E5D4D8C91E48097F004308F0 /* DetailViewController.m */,
				E5D4D8CA1E48097F004308F0 /* DetailViewController2.h */,
				E5D4D8CB1E48097F004308F0 /* DetailViewController2.m */,
				E5D4D8CC1E48097F004308F0 /* VideoListTableViewController.h */,
				E5D4D8CD1E48097F004308F0 /* VideoListTableViewController.m */,
			);
			path = VideoList;
			sourceTree = "<group>";
		};
		E5F05AE71E5ED85800A832CF /* libpolyvSDK */ = {
			isa = PBXGroup;
			children = (
				E5F05AE81E5ED85800A832CF /* AdditionalLibrary */,
				E5F05AEC1E5ED85800A832CF /* libpolyvSDK */,
				E5F05B001E5ED85800A832CF /* libpolyvSDK.a */,
				E5F05B011E5ED85800A832CF /* README.md */,
			);
			path = libpolyvSDK;
			sourceTree = SOURCE_ROOT;
		};
		E5F05AE81E5ED85800A832CF /* AdditionalLibrary */ = {
			isa = PBXGroup;
			children = (
				E5F05AE91E5ED85800A832CF /* AlicloudHttpDNS.framework */,
				E5F05AEA1E5ED85800A832CF /* AlicloudUtils.framework */,
				E5F05AEB1E5ED85800A832CF /* UTDID.framework */,
			);
			path = AdditionalLibrary;
			sourceTree = "<group>";
		};
		E5F05AEC1E5ED85800A832CF /* libpolyvSDK */ = {
			isa = PBXGroup;
			children = (
				E568FD071EF0F9B300803517 /* PLVControl */,
				E5F05AED1E5ED85800A832CF /* PLVAssetData.h */,
				E5F05AEE1E5ED85800A832CF /* PLVData.h */,
				E5F05AEF1E5ED85800A832CF /* PLVKit.h */,
				E5F05AF01E5ED85800A832CF /* PLVMoviePlayerController.h */,
				E5F05AF11E5ED85800A832CF /* PLVResumableUpload.h */,
				E5F05AF21E5ED85800A832CF /* PolyvSettings.h */,
				E5F05AF31E5ED85800A832CF /* PolyvUtil.h */,
				E5F05AF41E5ED85800A832CF /* PvCachable.h */,
				E5F05AF61E5ED85800A832CF /* PVDanmuManager.h */,
				E5F05AF71E5ED85800A832CF /* PvDanmuOperateView.h */,
				E5F05AF81E5ED85800A832CF /* PvDanmuSendView.h */,
				E5F05AF91E5ED85800A832CF /* PvExam.h */,
				E5F05AFC1E5ED85800A832CF /* PvReportManager.h */,
				E5F05AFD1E5ED85800A832CF /* PvUrlSessionDownload.h */,
				E5F05AFE1E5ED85800A832CF /* PvUrlSessionDownloadDelegate.h */,
				E5F05AFF1E5ED85800A832CF /* PvVideo.h */,
			);
			path = libpolyvSDK;
			sourceTree = "<group>";
		};
/* End PBXGroup section */

/* Begin PBXNativeTarget section */
		CBA37117196E6549008E95ED /* polyvSDK */ = {
			isa = PBXNativeTarget;
			buildConfigurationList = CBA3714A196E6549008E95ED /* Build configuration list for PBXNativeTarget "polyvSDK" */;
			buildPhases = (
				CBA37114196E6549008E95ED /* Sources */,
				CBA37115196E6549008E95ED /* Frameworks */,
				CBA37116196E6549008E95ED /* Resources */,
				E51C09901E5BE93B006FE206 /* Embed Frameworks */,
			);
			buildRules = (
			);
			dependencies = (
			);
			name = polyvSDK;
			productName = polyvSDK;
			productReference = CBA37118196E6549008E95ED /* polyvSDK.app */;
			productType = "com.apple.product-type.application";
		};
		CBA37138196E6549008E95ED /* polyvSDKTests */ = {
			isa = PBXNativeTarget;
			buildConfigurationList = CBA3714D196E6549008E95ED /* Build configuration list for PBXNativeTarget "polyvSDKTests" */;
			buildPhases = (
				CBA37135196E6549008E95ED /* Sources */,
				CBA37136196E6549008E95ED /* Frameworks */,
				CBA37137196E6549008E95ED /* Resources */,
			);
			buildRules = (
			);
			dependencies = (
				CBA3713F196E6549008E95ED /* PBXTargetDependency */,
			);
			name = polyvSDKTests;
			productName = polyvSDKTests;
			productReference = CBA37139196E6549008E95ED /* polyvSDKTests.xctest */;
			productType = "com.apple.product-type.bundle.unit-test";
		};
/* End PBXNativeTarget section */

/* Begin PBXProject section */
		CBA37110196E6549008E95ED /* Project object */ = {
			isa = PBXProject;
			attributes = {
				LastUpgradeCheck = 0510;
				ORGANIZATIONNAME = easefun;
				TargetAttributes = {
					CBA37138196E6549008E95ED = {
						TestTargetID = CBA37117196E6549008E95ED;
					};
				};
			};
			buildConfigurationList = CBA37113196E6549008E95ED /* Build configuration list for PBXProject "polyvSDK" */;
			compatibilityVersion = "Xcode 3.2";
			developmentRegion = English;
			hasScannedForEncodings = 0;
			knownRegions = (
				en,
				Base,
			);
			mainGroup = CBA3710F196E6549008E95ED;
			productRefGroup = CBA37119196E6549008E95ED /* Products */;
			projectDirPath = "";
			projectRoot = "";
			targets = (
				CBA37117196E6549008E95ED /* polyvSDK */,
				CBA37138196E6549008E95ED /* polyvSDKTests */,
			);
		};
/* End PBXProject section */

/* Begin PBXResourcesBuildPhase section */
		CBA37116196E6549008E95ED /* Resources */ = {
			isa = PBXResourcesBuildPhase;
			buildActionMask = 2147483647;
			files = (
				CBA37134196E6549008E95ED /* Images.xcassets in Resources */,
				E5D211271CD8B72800F848CA /* pl-video-player-back@3x.png in Resources */,
				E5D211391CD8B72800F848CA /* pl-video-player-snapshot.png in Resources */,
				E5D211371CD8B72800F848CA /* pl-video-player-shrinkscreen@2x.png in Resources */,
				E5D211301CD8B72800F848CA /* pl-video-player-fullscreen@3x.png in Resources */,
				E5D211231CD8B72800F848CA /* checkbox_checked@2x.png in Resources */,
				E5D2113B1CD8B72800F848CA /* radio_checked@2x.png in Resources */,
				E5D211281CD8B72800F848CA /* pl-video-player-backward@2x.png in Resources */,
				E5D2112F1CD8B72800F848CA /* pl-video-player-fullscreen@2x.png in Resources */,
				E5D211351CD8B72800F848CA /* pl-video-player-point@2x.png in Resources */,
				E5D211251CD8B72800F848CA /* checkbox_unchecked@2x.png in Resources */,
				CBA37126196E6549008E95ED /* InfoPlist.strings in Resources */,
				E5D211311CD8B72800F848CA /* pl-video-player-pause@2x.png in Resources */,
				E5C7812A1EADA90300B58134 /* Launch Screen.storyboard in Resources */,
				E5D211341CD8B72800F848CA /* pl-video-player-play@3x.png in Resources */,
				CB6569211C561B8B00AC2EC8 /* pvlogo.png in Resources */,
				E5D2112B1CD8B72800F848CA /* pl-video-player-close@3x.png in Resources */,
				E5D2112E1CD8B72800F848CA /* pl-video-player-forward@3x.png in Resources */,
				E5D2113D1CD8B72800F848CA /* radio_unchecked@2x.png in Resources */,
				E5D211221CD8B72800F848CA /* checkbox_checked.png in Resources */,
				E5D211241CD8B72800F848CA /* checkbox_unchecked.png in Resources */,
				E5D211291CD8B72800F848CA /* pl-video-player-backward@3x.png in Resources */,
				E5D2112A1CD8B72800F848CA /* pl-video-player-close@2x.png in Resources */,
				CBF35D341B32B1E100E97C45 /* video-play.png in Resources */,
				E5D4D8DB1E48097F004308F0 /* Main.storyboard in Resources */,
				E5D211321CD8B72800F848CA /* pl-video-player-pause@3x.png in Resources */,
				E5D211381CD8B72800F848CA /* pl-video-player-shrinkscreen@3x.png in Resources */,
				CB231BF01BDDD8B400EC18BF /* video.png in Resources */,
				E5D2112C1CD8B72800F848CA /* pl-video-player-danmu.png in Resources */,
				E5D2113C1CD8B72800F848CA /* radio_unchecked.png in Resources */,
				E5D211331CD8B72800F848CA /* pl-video-player-play@2x.png in Resources */,
				E5D2113A1CD8B72800F848CA /* radio_checked.png in Resources */,
				E5D211261CD8B72800F848CA /* pl-video-player-back@2x.png in Resources */,
				E5D2112D1CD8B72800F848CA /* pl-video-player-forward@2x.png in Resources */,
				E5D211361CD8B72800F848CA /* pl-video-player-point@3x.png in Resources */,
			);
			runOnlyForDeploymentPostprocessing = 0;
		};
		CBA37137196E6549008E95ED /* Resources */ = {
			isa = PBXResourcesBuildPhase;
			buildActionMask = 2147483647;
			files = (
				CBA37145196E6549008E95ED /* InfoPlist.strings in Resources */,
			);
			runOnlyForDeploymentPostprocessing = 0;
		};
/* End PBXResourcesBuildPhase section */

/* Begin PBXSourcesBuildPhase section */
		CBA37114196E6549008E95ED /* Sources */ = {
			isa = PBXSourcesBuildPhase;
			buildActionMask = 2147483647;
			files = (
				E59536561E8FA6C000A8B405 /* UITabBarController+Orientation.m in Sources */,
				E5D4D8D61E48097F004308F0 /* FMDBHelper.m in Sources */,
				E568FD0D1EF0F9D500803517 /* PvExamView.m in Sources */,
				E5D4D8D91E48097F004308F0 /* SubTitleLabel.m in Sources */,
				E5D4D8E21E48097F004308F0 /* PolyvPlayerDemoViewController.m in Sources */,
				E5D4D8D31E48097F004308F0 /* FMDatabasePool.m in Sources */,
				E5D4D8E41E48097F004308F0 /* DetailViewController.m in Sources */,
				E568FD101EF0F9DC00803517 /* PvRadioButton.m in Sources */,
				CBA37128196E6549008E95ED /* main.m in Sources */,
				E5D4D8D41E48097F004308F0 /* FMDatabaseQueue.m in Sources */,
				E5D4D8CE1E48097F004308F0 /* DownloadListTableViewController.m in Sources */,
				E5D4D8DA1E48097F004308F0 /* AppDelegate.m in Sources */,
				E5D4D8D11E48097F004308F0 /* FMDatabase.m in Sources */,
				E5D4D8D51E48097F004308F0 /* FMResultSet.m in Sources */,
				E5D4D8D71E48097F004308F0 /* PLVIndicator.m in Sources */,
				E5D4D8DC1E48097F004308F0 /* RootViewViewController.m in Sources */,
				E5D4D8E31E48097F004308F0 /* UploadDemoViewController.m in Sources */,
				E59536551E8FA6C000A8B405 /* UINavigationController+Orientation.m in Sources */,
				E5D4D8D21E48097F004308F0 /* FMDatabaseAdditions.m in Sources */,
				E5D4D8E11E48097F004308F0 /* SkinVideoViewControllerView.m in Sources */,
				E5D4D8E61E48097F004308F0 /* VideoListTableViewController.m in Sources */,
				E5D4D8E51E48097F004308F0 /* DetailViewController2.m in Sources */,
				E568FD0A1EF0F9C900803517 /* PvCheckBox.m in Sources */,
				E5D4D8D81E48097F004308F0 /* PLVSlider.m in Sources */,
				E5D4D8E01E48097F004308F0 /* SkinVideoViewController.m in Sources */,
				E59536571E8FA6C000A8B405 /* Video.m in Sources */,
			);
			runOnlyForDeploymentPostprocessing = 0;
		};
		CBA37135196E6549008E95ED /* Sources */ = {
			isa = PBXSourcesBuildPhase;
			buildActionMask = 2147483647;
			files = (
				CBA37147196E6549008E95ED /* polyvSDKTests.m in Sources */,
			);
			runOnlyForDeploymentPostprocessing = 0;
		};
/* End PBXSourcesBuildPhase section */

/* Begin PBXTargetDependency section */
		CBA3713F196E6549008E95ED /* PBXTargetDependency */ = {
			isa = PBXTargetDependency;
			target = CBA37117196E6549008E95ED /* polyvSDK */;
			targetProxy = CBA3713E196E6549008E95ED /* PBXContainerItemProxy */;
		};
/* End PBXTargetDependency section */

/* Begin PBXVariantGroup section */
		CBA37124196E6549008E95ED /* InfoPlist.strings */ = {
			isa = PBXVariantGroup;
			children = (
				CBA37125196E6549008E95ED /* en */,
			);
			name = InfoPlist.strings;
			sourceTree = "<group>";
		};
		CBA37143196E6549008E95ED /* InfoPlist.strings */ = {
			isa = PBXVariantGroup;
			children = (
				CBA37144196E6549008E95ED /* en */,
			);
			name = InfoPlist.strings;
			sourceTree = "<group>";
		};
		E5D4D8B31E48097F004308F0 /* Main.storyboard */ = {
			isa = PBXVariantGroup;
			children = (
				E5D4D8B41E48097F004308F0 /* Base */,
			);
			name = Main.storyboard;
			sourceTree = "<group>";
		};
/* End PBXVariantGroup section */

/* Begin XCBuildConfiguration section */
		CBA37148196E6549008E95ED /* Debug */ = {
			isa = XCBuildConfiguration;
			buildSettings = {
				ALWAYS_SEARCH_USER_PATHS = NO;
				CLANG_CXX_LANGUAGE_STANDARD = "gnu++0x";
				CLANG_CXX_LIBRARY = "libc++";
				CLANG_ENABLE_MODULES = YES;
				CLANG_ENABLE_OBJC_ARC = YES;
				CLANG_WARN_BOOL_CONVERSION = YES;
				CLANG_WARN_CONSTANT_CONVERSION = YES;
				CLANG_WARN_DIRECT_OBJC_ISA_USAGE = YES_ERROR;
				CLANG_WARN_EMPTY_BODY = YES;
				CLANG_WARN_ENUM_CONVERSION = YES;
				CLANG_WARN_INT_CONVERSION = YES;
				CLANG_WARN_OBJC_ROOT_CLASS = YES_ERROR;
				CLANG_WARN__DUPLICATE_METHOD_MATCH = YES;
				"CODE_SIGN_IDENTITY[sdk=iphoneos*]" = "iPhone Developer";
				COPY_PHASE_STRIP = NO;
				GCC_C_LANGUAGE_STANDARD = gnu99;
				GCC_DYNAMIC_NO_PIC = NO;
				GCC_OPTIMIZATION_LEVEL = 0;
				GCC_PREPROCESSOR_DEFINITIONS = (
					"DEBUG=1",
					"$(inherited)",
				);
				GCC_SYMBOLS_PRIVATE_EXTERN = NO;
				GCC_WARN_64_TO_32_BIT_CONVERSION = YES;
				GCC_WARN_ABOUT_RETURN_TYPE = YES_ERROR;
				GCC_WARN_UNDECLARED_SELECTOR = YES;
				GCC_WARN_UNINITIALIZED_AUTOS = YES_AGGRESSIVE;
				GCC_WARN_UNUSED_FUNCTION = YES;
				GCC_WARN_UNUSED_VARIABLE = YES;
				IPHONEOS_DEPLOYMENT_TARGET = 7.1;
				ONLY_ACTIVE_ARCH = YES;
				SDKROOT = iphoneos;
			};
			name = Debug;
		};
		CBA37149196E6549008E95ED /* Release */ = {
			isa = XCBuildConfiguration;
			buildSettings = {
				ALWAYS_SEARCH_USER_PATHS = NO;
				CLANG_CXX_LANGUAGE_STANDARD = "gnu++0x";
				CLANG_CXX_LIBRARY = "libc++";
				CLANG_ENABLE_MODULES = YES;
				CLANG_ENABLE_OBJC_ARC = YES;
				CLANG_WARN_BOOL_CONVERSION = YES;
				CLANG_WARN_CONSTANT_CONVERSION = YES;
				CLANG_WARN_DIRECT_OBJC_ISA_USAGE = YES_ERROR;
				CLANG_WARN_EMPTY_BODY = YES;
				CLANG_WARN_ENUM_CONVERSION = YES;
				CLANG_WARN_INT_CONVERSION = YES;
				CLANG_WARN_OBJC_ROOT_CLASS = YES_ERROR;
				CLANG_WARN__DUPLICATE_METHOD_MATCH = YES;
				"CODE_SIGN_IDENTITY[sdk=iphoneos*]" = "iPhone Developer";
				COPY_PHASE_STRIP = YES;
				ENABLE_NS_ASSERTIONS = NO;
				GCC_C_LANGUAGE_STANDARD = gnu99;
				GCC_WARN_64_TO_32_BIT_CONVERSION = YES;
				GCC_WARN_ABOUT_RETURN_TYPE = YES_ERROR;
				GCC_WARN_UNDECLARED_SELECTOR = YES;
				GCC_WARN_UNINITIALIZED_AUTOS = YES_AGGRESSIVE;
				GCC_WARN_UNUSED_FUNCTION = YES;
				GCC_WARN_UNUSED_VARIABLE = YES;
				IPHONEOS_DEPLOYMENT_TARGET = 7.1;
				SDKROOT = iphoneos;
				VALIDATE_PRODUCT = YES;
			};
			name = Release;
		};
		CBA3714B196E6549008E95ED /* Debug */ = {
			isa = XCBuildConfiguration;
			buildSettings = {
				ASSETCATALOG_COMPILER_APPICON_NAME = AppIcon;
				CODE_SIGN_IDENTITY = "iPhone Developer";
				"CODE_SIGN_IDENTITY[sdk=iphoneos*]" = "iPhone Developer";
				DEBUG_ACTIVITY_MODE = "";
				"DEBUG_ACTIVITY_MODE[sdk=iphonesimulator*]" = disable;
				DEBUG_INFORMATION_FORMAT = dwarf;
				DEVELOPMENT_TEAM = "";
				FRAMEWORK_SEARCH_PATHS = (
					"$(inherited)",
					"$(PROJECT_DIR)/libpolyvSDK/AdditionalLibrary",
				);
				GCC_PRECOMPILE_PREFIX_HEADER = YES;
				GCC_PREFIX_HEADER = "polyvSDK/polyvSDK-Prefix.pch";
				GCC_PREPROCESSOR_DEFINITIONS = "";
				INFOPLIST_FILE = "polyvSDK/polyvSDK-Info.plist";
				IPHONEOS_DEPLOYMENT_TARGET = 8.0;
				LD_RUNPATH_SEARCH_PATHS = "$(inherited) @executable_path/Frameworks";
				LIBRARY_SEARCH_PATHS = (
					"$(inherited)",
					"$(PROJECT_DIR)/polyvSDK",
					"$(PROJECT_DIR)/libpolyvSDK",
				);
				ONLY_ACTIVE_ARCH = YES;
				OTHER_LDFLAGS = "";
				PRODUCT_BUNDLE_IDENTIFIER = easefun.polyvSDK;
				PRODUCT_NAME = "$(TARGET_NAME)";
				PROVISIONING_PROFILE = "";
				VALIDATE_PRODUCT = YES;
				WRAPPER_EXTENSION = app;
			};
			name = Debug;
		};
		CBA3714C196E6549008E95ED /* Release */ = {
			isa = XCBuildConfiguration;
			buildSettings = {
				ASSETCATALOG_COMPILER_APPICON_NAME = AppIcon;
				CODE_SIGN_IDENTITY = "iPhone Developer";
				"CODE_SIGN_IDENTITY[sdk=iphoneos*]" = "iPhone Developer";
				DEBUG_ACTIVITY_MODE = "";
				DEBUG_INFORMATION_FORMAT = dwarf;
				DEVELOPMENT_TEAM = "";
				FRAMEWORK_SEARCH_PATHS = (
					"$(inherited)",
					"$(PROJECT_DIR)/libpolyvSDK/AdditionalLibrary",
				);
				GCC_PRECOMPILE_PREFIX_HEADER = YES;
				GCC_PREFIX_HEADER = "polyvSDK/polyvSDK-Prefix.pch";
				INFOPLIST_FILE = "polyvSDK/polyvSDK-Info.plist";
				IPHONEOS_DEPLOYMENT_TARGET = 8.0;
				LD_RUNPATH_SEARCH_PATHS = "$(inherited) @executable_path/Frameworks";
				LIBRARY_SEARCH_PATHS = (
					"$(inherited)",
					"$(PROJECT_DIR)/polyvSDK",
					"$(PROJECT_DIR)/libpolyvSDK",
				);
				ONLY_ACTIVE_ARCH = YES;
				OTHER_LDFLAGS = "";
				PRODUCT_BUNDLE_IDENTIFIER = easefun.polyvSDK;
				PRODUCT_NAME = "$(TARGET_NAME)";
				PROVISIONING_PROFILE = "";
				WRAPPER_EXTENSION = app;
			};
			name = Release;
		};
		CBA3714E196E6549008E95ED /* Debug */ = {
			isa = XCBuildConfiguration;
			buildSettings = {
				BUNDLE_LOADER = "$(BUILT_PRODUCTS_DIR)/polyvSDK.app/polyvSDK";
				FRAMEWORK_SEARCH_PATHS = (
					"$(SDKROOT)/Developer/Library/Frameworks",
					"$(inherited)",
					"$(DEVELOPER_FRAMEWORKS_DIR)",
				);
				GCC_PRECOMPILE_PREFIX_HEADER = YES;
				GCC_PREFIX_HEADER = "polyvSDK/polyvSDK-Prefix.pch";
				GCC_PREPROCESSOR_DEFINITIONS = (
					"DEBUG=1",
					"$(inherited)",
				);
				INFOPLIST_FILE = "polyvSDKTests/polyvSDKTests-Info.plist";
				PRODUCT_NAME = "$(TARGET_NAME)";
				TEST_HOST = "$(BUNDLE_LOADER)";
				WRAPPER_EXTENSION = xctest;
			};
			name = Debug;
		};
		CBA3714F196E6549008E95ED /* Release */ = {
			isa = XCBuildConfiguration;
			buildSettings = {
				BUNDLE_LOADER = "$(BUILT_PRODUCTS_DIR)/polyvSDK.app/polyvSDK";
				FRAMEWORK_SEARCH_PATHS = (
					"$(SDKROOT)/Developer/Library/Frameworks",
					"$(inherited)",
					"$(DEVELOPER_FRAMEWORKS_DIR)",
				);
				GCC_PRECOMPILE_PREFIX_HEADER = YES;
				GCC_PREFIX_HEADER = "polyvSDK/polyvSDK-Prefix.pch";
				INFOPLIST_FILE = "polyvSDKTests/polyvSDKTests-Info.plist";
				PRODUCT_NAME = "$(TARGET_NAME)";
				TEST_HOST = "$(BUNDLE_LOADER)";
				WRAPPER_EXTENSION = xctest;
			};
			name = Release;
		};
/* End XCBuildConfiguration section */

/* Begin XCConfigurationList section */
		CBA37113196E6549008E95ED /* Build configuration list for PBXProject "polyvSDK" */ = {
			isa = XCConfigurationList;
			buildConfigurations = (
				CBA37148196E6549008E95ED /* Debug */,
				CBA37149196E6549008E95ED /* Release */,
			);
			defaultConfigurationIsVisible = 0;
			defaultConfigurationName = Release;
		};
		CBA3714A196E6549008E95ED /* Build configuration list for PBXNativeTarget "polyvSDK" */ = {
			isa = XCConfigurationList;
			buildConfigurations = (
				CBA3714B196E6549008E95ED /* Debug */,
				CBA3714C196E6549008E95ED /* Release */,
			);
			defaultConfigurationIsVisible = 0;
			defaultConfigurationName = Release;
		};
		CBA3714D196E6549008E95ED /* Build configuration list for PBXNativeTarget "polyvSDKTests" */ = {
			isa = XCConfigurationList;
			buildConfigurations = (
				CBA3714E196E6549008E95ED /* Debug */,
				CBA3714F196E6549008E95ED /* Release */,
			);
			defaultConfigurationIsVisible = 0;
			defaultConfigurationName = Release;
		};
/* End XCConfigurationList section */
	};
	rootObject = CBA37110196E6549008E95ED /* Project object */;
}
